<?xml version="1.0" encoding="utf-8"?>
<Project ToolsVersion="4.0" xmlns="http://schemas.microsoft.com/developer/msbuild/2003">
  <ItemGroup>
    <Filter Include="Source Files">
      <UniqueIdentifier>{4FC737F1-C7A5-4376-A066-2A32D752A2FF}</UniqueIdentifier>
      <Extensions>cpp;c;cc;cxx;c++;cppm;ixx;def;odl;idl;hpj;bat;asm;asmx</Extensions>
    </Filter>
    <Filter Include="Header Files">
      <UniqueIdentifier>{93995380-89BD-4b04-88EB-625FBE52EBFB}</UniqueIdentifier>
      <Extensions>h;hh;hpp;hxx;h++;hm;inl;inc;ipp;xsd</Extensions>
    </Filter>
    <Filter Include="Resource Files">
      <UniqueIdentifier>{67DA6AB6-F800-4c08-8B7A-83BB121AAD01}</UniqueIdentifier>
      <Extensions>rc;ico;cur;bmp;dlg;rc2;rct;bin;rgs;gif;jpg;jpeg;jpe;resx;tiff;tif;png;wav;mfcribbon-ms</Extensions>
    </Filter>
    <Filter Include="Source Files\Simulate">
      <UniqueIdentifier>{104c8f54-8ff3-40c9-b30b-7036865c6c90}</UniqueIdentifier>
    </Filter>
    <Filter Include="Source Files\Init">
      <UniqueIdentifier>{95c46d26-1b99-467d-a3f5-f526e869317d}</UniqueIdentifier>
    </Filter>
  </ItemGroup>
  <ItemGroup>
    <ClCompile Include="Simulate\Codeup1928_DataDValue.cpp">
      <Filter>Source Files\Simulate</Filter>
    </ClCompile>
    <ClCompile Include="Simulate\Codeup1934_FindX.cpp">
      <Filter>Source Files\Simulate</Filter>
    </ClCompile>
    <ClCompile Include="Simulate\PATb1001_3nPlus1.cpp">
      <Filter>Source Files\Simulate</Filter>
    </ClCompile>
    <ClCompile Include="Simulate\PATb1032_Excavator.cpp">
      <Filter>Source Files\Simulate</Filter>
    </ClCompile>
    <ClCompile Include="Simulate\PATb1036_ObamaSquare.cpp">
      <Filter>Source Files\Simulate</Filter>
    </ClCompile>
    <ClCompile Include="Simulate\PATb1022_APlusBbaseD.cpp">
      <Filter>Source Files\Simulate</Filter>
    </ClCompile>
    <ClCompile Include="Simulate\Codeup5901_Palindrome.cpp">
      <Filter>Source Files\Simulate</Filter>
    </ClCompile>
    <ClCompile Include="Simulate\PATb1009_Irony.cpp">
      <Filter>Source Files\Simulate</Filter>
    </ClCompile>
    <ClCompile Include="Init\Sort.cpp">
      <Filter>Source Files\Init</Filter>
    </ClCompile>
    <ClCompile Include="Init\PATa1025_PATRanking.cpp">
      <Filter>Source Files\Init</Filter>
    </ClCompile>
  </ItemGroup>
</Project>